
Microsoft Visual Studio Solution File, Format Version 12.00
# Visual Studio 15
VisualStudioVersion = 15.0.28307.421
MinimumVisualStudioVersion = 10.0.40219.1
Project("{FAE04EC0-301F-11D3-BF4B-00C04F79EFBC}") = "ProCP", "ProCP\ProCP.csproj", "{D191A216-2312-4C15-8823-9EC9EF4D12EF}"
EndProject
Global
	GlobalSection(SolutionConfigurationPlatforms) = preSolution
		Debug|Any CPU = Debug|Any CPU
		Release|Any CPU = Release|Any CPU
	EndGlobalSection
	GlobalSection(ProjectConfigurationPlatforms) = postSolution
		{D191A216-2312-4C15-8823-9EC9EF4D12EF}.Debug|Any CPU.ActiveCfg = Debug|Any CPU
		{D191A216-2312-4C15-8823-9EC9EF4D12EF}.Debug|Any CPU.Build.0 = Debug|Any CPU
		{D191A216-2312-4C15-8823-9EC9EF4D12EF}.Release|Any CPU.ActiveCfg = Release|Any CPU
		{D191A216-2312-4C15-8823-9EC9EF4D12EF}.Release|Any CPU.Build.0 = Release|Any CPU
	EndGlobalSection
	GlobalSection(SolutionProperties) = preSolution
		HideSolutionNode = FALSE
	EndGlobalSection
	GlobalSection(ExtensibilityGlobals) = postSolution
		SolutionGuid = {067D1B39-596F-4678-A693-B350FDD81449}
	EndGlobalSection
EndGlobal
